// !$*UTF8*$!
{
	archiveVersion = 1;
	classes = {
	};
	objectVersion = 55;
	objects = {

/* Begin PBXBuildFile section */
		34823B3892107FD4AE53FE0D /* Pods_NBC_Task1.framework in Frameworks */ = {isa = PBXBuildFile; fileRef = D42EE68A76C981D04FF39804 /* Pods_NBC_Task1.framework */; };
		5E16CBAF284485EA0006A3A4 /* ArrayUtility.swift in Sources */ = {isa = PBXBuildFile; fileRef = 5E16CBAE284485EA0006A3A4 /* ArrayUtility.swift */; };
		5E5AB776283F72FE00601793 /* AppDelegate.swift in Sources */ = {isa = PBXBuildFile; fileRef = 5E5AB775283F72FE00601793 /* AppDelegate.swift */; };
		5E5AB778283F72FF00601793 /* SceneDelegate.swift in Sources */ = {isa = PBXBuildFile; fileRef = 5E5AB777283F72FF00601793 /* SceneDelegate.swift */; };
		5E5AB77A283F72FF00601793 /* ViewController.swift in Sources */ = {isa = PBXBuildFile; fileRef = 5E5AB779283F72FF00601793 /* ViewController.swift */; };
		5E5AB77D283F72FF00601793 /* Main.storyboard in Resources */ = {isa = PBXBuildFile; fileRef = 5E5AB77B283F72FF00601793 /* Main.storyboard */; };
		5E5AB77F283F730100601793 /* Assets.xcassets in Resources */ = {isa = PBXBuildFile; fileRef = 5E5AB77E283F730100601793 /* Assets.xcassets */; };
		5E5AB782283F730100601793 /* LaunchScreen.storyboard in Resources */ = {isa = PBXBuildFile; fileRef = 5E5AB780283F730100601793 /* LaunchScreen.storyboard */; };
		5E5AB78D283F730200601793 /* NBC_Task1Tests.swift in Sources */ = {isa = PBXBuildFile; fileRef = 5E5AB78C283F730200601793 /* NBC_Task1Tests.swift */; };
		5E5AB797283F730200601793 /* NBC_Task1UITests.swift in Sources */ = {isa = PBXBuildFile; fileRef = 5E5AB796283F730200601793 /* NBC_Task1UITests.swift */; };
		5E5AB799283F730200601793 /* NBC_Task1UITestsLaunchTests.swift in Sources */ = {isa = PBXBuildFile; fileRef = 5E5AB798283F730200601793 /* NBC_Task1UITestsLaunchTests.swift */; };
		5E5AB7A7283F7D6400601793 /* ApiService.swift in Sources */ = {isa = PBXBuildFile; fileRef = 5E5AB7A6283F7D6400601793 /* ApiService.swift */; };
		5E5AB7A9283F7E1500601793 /* Context.swift in Sources */ = {isa = PBXBuildFile; fileRef = 5E5AB7A8283F7E1500601793 /* Context.swift */; };
		5E5AB7AB283FA7C900601793 /* ArticleViewModel.swift in Sources */ = {isa = PBXBuildFile; fileRef = 5E5AB7AA283FA7C800601793 /* ArticleViewModel.swift */; };
		5E5AB7B4283FB1E700601793 /* ArticleCardXLCell.swift in Sources */ = {isa = PBXBuildFile; fileRef = 5E5AB7B3283FB1E700601793 /* ArticleCardXLCell.swift */; };
		5E5AB7BC283FBED100601793 /* ArticleCardLCell.xib in Resources */ = {isa = PBXBuildFile; fileRef = 5E5AB7BB283FBED100601793 /* ArticleCardLCell.xib */; };
		5E5AB7C7283FECCF00601793 /* ArticleCardMCell.xib in Resources */ = {isa = PBXBuildFile; fileRef = 5E5AB7C6283FECCF00601793 /* ArticleCardMCell.xib */; };
		5E5AB7C9283FED1400601793 /* ArticleCardMCell.swift in Sources */ = {isa = PBXBuildFile; fileRef = 5E5AB7C8283FED1400601793 /* ArticleCardMCell.swift */; };
		5E6322AF2840D41500FAEEC8 /* ArticleCardSCell.swift in Sources */ = {isa = PBXBuildFile; fileRef = 5E6322AD2840D41500FAEEC8 /* ArticleCardSCell.swift */; };
		5E6322B02840D41500FAEEC8 /* ArticleCardSCell.xib in Resources */ = {isa = PBXBuildFile; fileRef = 5E6322AE2840D41500FAEEC8 /* ArticleCardSCell.xib */; };
		5E6322B22840DDD900FAEEC8 /* ArticleCardLCell.swift in Sources */ = {isa = PBXBuildFile; fileRef = 5E6322B12840DDD900FAEEC8 /* ArticleCardLCell.swift */; };
		5E95D89F284A171F004941B0 /* WartopViewControlleriPad.storyboard in Resources */ = {isa = PBXBuildFile; fileRef = 5E95D89E284A171F004941B0 /* WartopViewControlleriPad.storyboard */; };
		5E95D8A1284A271B004941B0 /* WartopViewControlleriPad.swift in Sources */ = {isa = PBXBuildFile; fileRef = 5E95D8A0284A271B004941B0 /* WartopViewControlleriPad.swift */; };
		5EACE44928473019007007ED /* ArticleCardXLCell.xib in Resources */ = {isa = PBXBuildFile; fileRef = 5EACE44828473019007007ED /* ArticleCardXLCell.xib */; };
		8A0510C320F83EC425860DCC /* Pods_NBC_Task1_NBC_Task1UITests.framework in Frameworks */ = {isa = PBXBuildFile; fileRef = AF045DB441D1E21FF7B7D4C0 /* Pods_NBC_Task1_NBC_Task1UITests.framework */; };
		EC10632076CCC5E9BD13948A /* Pods_NBC_Task1Tests.framework in Frameworks */ = {isa = PBXBuildFile; fileRef = 5A43F8DE4A1425D10AE7A6A1 /* Pods_NBC_Task1Tests.framework */; };
/* End PBXBuildFile section */

/* Begin PBXContainerItemProxy section */
		5E5AB789283F730200601793 /* PBXContainerItemProxy */ = {
			isa = PBXContainerItemProxy;
			containerPortal = 5E5AB76A283F72FE00601793 /* Project object */;
			proxyType = 1;
			remoteGlobalIDString = 5E5AB771283F72FE00601793;
			remoteInfo = "NBC Task1";
		};
		5E5AB793283F730200601793 /* PBXContainerItemProxy */ = {
			isa = PBXContainerItemProxy;
			containerPortal = 5E5AB76A283F72FE00601793 /* Project object */;
			proxyType = 1;
			remoteGlobalIDString = 5E5AB771283F72FE00601793;
			remoteInfo = "NBC Task1";
		};
/* End PBXContainerItemProxy section */

/* Begin PBXFileReference section */
		1F7745D2657057DB56BE5FB5 /* Pods-NBC Task1-NBC Task1UITests.debug.xcconfig */ = {isa = PBXFileReference; includeInIndex = 1; lastKnownFileType = text.xcconfig; name = "Pods-NBC Task1-NBC Task1UITests.debug.xcconfig"; path = "Target Support Files/Pods-NBC Task1-NBC Task1UITests/Pods-NBC Task1-NBC Task1UITests.debug.xcconfig"; sourceTree = "<group>"; };
		25154B9A24F9D1498AEC8F19 /* Pods-NBC Task1Tests.release.xcconfig */ = {isa = PBXFileReference; includeInIndex = 1; lastKnownFileType = text.xcconfig; name = "Pods-NBC Task1Tests.release.xcconfig"; path = "Target Support Files/Pods-NBC Task1Tests/Pods-NBC Task1Tests.release.xcconfig"; sourceTree = "<group>"; };
		3FC487475E138E2EF1C03608 /* Pods-NBC Task1-NBC Task1UITests.release.xcconfig */ = {isa = PBXFileReference; includeInIndex = 1; lastKnownFileType = text.xcconfig; name = "Pods-NBC Task1-NBC Task1UITests.release.xcconfig"; path = "Target Support Files/Pods-NBC Task1-NBC Task1UITests/Pods-NBC Task1-NBC Task1UITests.release.xcconfig"; sourceTree = "<group>"; };
		5A43F8DE4A1425D10AE7A6A1 /* Pods_NBC_Task1Tests.framework */ = {isa = PBXFileReference; explicitFileType = wrapper.framework; includeInIndex = 0; path = Pods_NBC_Task1Tests.framework; sourceTree = BUILT_PRODUCTS_DIR; };
		5E16CBAE284485EA0006A3A4 /* ArrayUtility.swift */ = {isa = PBXFileReference; lastKnownFileType = sourcecode.swift; path = ArrayUtility.swift; sourceTree = "<group>"; };
		5E5AB772283F72FE00601793 /* NBC Task1.app */ = {isa = PBXFileReference; explicitFileType = wrapper.application; includeInIndex = 0; path = "NBC Task1.app"; sourceTree = BUILT_PRODUCTS_DIR; };
		5E5AB775283F72FE00601793 /* AppDelegate.swift */ = {isa = PBXFileReference; lastKnownFileType = sourcecode.swift; path = AppDelegate.swift; sourceTree = "<group>"; };
		5E5AB777283F72FF00601793 /* SceneDelegate.swift */ = {isa = PBXFileReference; lastKnownFileType = sourcecode.swift; path = SceneDelegate.swift; sourceTree = "<group>"; };
		5E5AB779283F72FF00601793 /* ViewController.swift */ = {isa = PBXFileReference; lastKnownFileType = sourcecode.swift; path = ViewController.swift; sourceTree = "<group>"; };
		5E5AB77C283F72FF00601793 /* Base */ = {isa = PBXFileReference; lastKnownFileType = file.storyboard; name = Base; path = Base.lproj/Main.storyboard; sourceTree = "<group>"; };
		5E5AB77E283F730100601793 /* Assets.xcassets */ = {isa = PBXFileReference; lastKnownFileType = folder.assetcatalog; path = Assets.xcassets; sourceTree = "<group>"; };
		5E5AB781283F730100601793 /* Base */ = {isa = PBXFileReference; lastKnownFileType = file.storyboard; name = Base; path = Base.lproj/LaunchScreen.storyboard; sourceTree = "<group>"; };
		5E5AB783283F730100601793 /* Info.plist */ = {isa = PBXFileReference; lastKnownFileType = text.plist.xml; path = Info.plist; sourceTree = "<group>"; };
		5E5AB788283F730200601793 /* NBC Task1Tests.xctest */ = {isa = PBXFileReference; explicitFileType = wrapper.cfbundle; includeInIndex = 0; path = "NBC Task1Tests.xctest"; sourceTree = BUILT_PRODUCTS_DIR; };
		5E5AB78C283F730200601793 /* NBC_Task1Tests.swift */ = {isa = PBXFileReference; lastKnownFileType = sourcecode.swift; path = NBC_Task1Tests.swift; sourceTree = "<group>"; };
		5E5AB792283F730200601793 /* NBC Task1UITests.xctest */ = {isa = PBXFileReference; explicitFileType = wrapper.cfbundle; includeInIndex = 0; path = "NBC Task1UITests.xctest"; sourceTree = BUILT_PRODUCTS_DIR; };
		5E5AB796283F730200601793 /* NBC_Task1UITests.swift */ = {isa = PBXFileReference; lastKnownFileType = sourcecode.swift; path = NBC_Task1UITests.swift; sourceTree = "<group>"; };
		5E5AB798283F730200601793 /* NBC_Task1UITestsLaunchTests.swift */ = {isa = PBXFileReference; lastKnownFileType = sourcecode.swift; path = NBC_Task1UITestsLaunchTests.swift; sourceTree = "<group>"; };
		5E5AB7A6283F7D6400601793 /* ApiService.swift */ = {isa = PBXFileReference; lastKnownFileType = sourcecode.swift; path = ApiService.swift; sourceTree = "<group>"; };
		5E5AB7A8283F7E1500601793 /* Context.swift */ = {isa = PBXFileReference; lastKnownFileType = sourcecode.swift; path = Context.swift; sourceTree = "<group>"; };
		5E5AB7AA283FA7C800601793 /* ArticleViewModel.swift */ = {isa = PBXFileReference; lastKnownFileType = sourcecode.swift; path = ArticleViewModel.swift; sourceTree = "<group>"; };
		5E5AB7B3283FB1E700601793 /* ArticleCardXLCell.swift */ = {isa = PBXFileReference; lastKnownFileType = sourcecode.swift; path = ArticleCardXLCell.swift; sourceTree = "<group>"; };
		5E5AB7BB283FBED100601793 /* ArticleCardLCell.xib */ = {isa = PBXFileReference; lastKnownFileType = file.xib; path = ArticleCardLCell.xib; sourceTree = "<group>"; };
		5E5AB7C6283FECCF00601793 /* ArticleCardMCell.xib */ = {isa = PBXFileReference; lastKnownFileType = file.xib; path = ArticleCardMCell.xib; sourceTree = "<group>"; };
		5E5AB7C8283FED1400601793 /* ArticleCardMCell.swift */ = {isa = PBXFileReference; lastKnownFileType = sourcecode.swift; path = ArticleCardMCell.swift; sourceTree = "<group>"; };
		5E6322AD2840D41500FAEEC8 /* ArticleCardSCell.swift */ = {isa = PBXFileReference; lastKnownFileType = sourcecode.swift; path = ArticleCardSCell.swift; sourceTree = "<group>"; };
		5E6322AE2840D41500FAEEC8 /* ArticleCardSCell.xib */ = {isa = PBXFileReference; lastKnownFileType = file.xib; path = ArticleCardSCell.xib; sourceTree = "<group>"; };
		5E6322B12840DDD900FAEEC8 /* ArticleCardLCell.swift */ = {isa = PBXFileReference; lastKnownFileType = sourcecode.swift; path = ArticleCardLCell.swift; sourceTree = "<group>"; };
		5E95D89E284A171F004941B0 /* WartopViewControlleriPad.storyboard */ = {isa = PBXFileReference; lastKnownFileType = file.storyboard; path = WartopViewControlleriPad.storyboard; sourceTree = "<group>"; };
		5E95D8A0284A271B004941B0 /* WartopViewControlleriPad.swift */ = {isa = PBXFileReference; lastKnownFileType = sourcecode.swift; path = WartopViewControlleriPad.swift; sourceTree = "<group>"; };
		5EACE44828473019007007ED /* ArticleCardXLCell.xib */ = {isa = PBXFileReference; lastKnownFileType = file.xib; path = ArticleCardXLCell.xib; sourceTree = "<group>"; };
		9279125BAB09ABA4D92390DA /* Pods-NBC Task1Tests.debug.xcconfig */ = {isa = PBXFileReference; includeInIndex = 1; lastKnownFileType = text.xcconfig; name = "Pods-NBC Task1Tests.debug.xcconfig"; path = "Target Support Files/Pods-NBC Task1Tests/Pods-NBC Task1Tests.debug.xcconfig"; sourceTree = "<group>"; };
		96BBC055C4F88765B1513295 /* Pods-NBC Task1.debug.xcconfig */ = {isa = PBXFileReference; includeInIndex = 1; lastKnownFileType = text.xcconfig; name = "Pods-NBC Task1.debug.xcconfig"; path = "Target Support Files/Pods-NBC Task1/Pods-NBC Task1.debug.xcconfig"; sourceTree = "<group>"; };
		AF045DB441D1E21FF7B7D4C0 /* Pods_NBC_Task1_NBC_Task1UITests.framework */ = {isa = PBXFileReference; explicitFileType = wrapper.framework; includeInIndex = 0; path = Pods_NBC_Task1_NBC_Task1UITests.framework; sourceTree = BUILT_PRODUCTS_DIR; };
		D42EE68A76C981D04FF39804 /* Pods_NBC_Task1.framework */ = {isa = PBXFileReference; explicitFileType = wrapper.framework; includeInIndex = 0; path = Pods_NBC_Task1.framework; sourceTree = BUILT_PRODUCTS_DIR; };
		E1DBF67226B1EB65088D4474 /* Pods-NBC Task1.release.xcconfig */ = {isa = PBXFileReference; includeInIndex = 1; lastKnownFileType = text.xcconfig; name = "Pods-NBC Task1.release.xcconfig"; path = "Target Support Files/Pods-NBC Task1/Pods-NBC Task1.release.xcconfig"; sourceTree = "<group>"; };
/* End PBXFileReference section */

/* Begin PBXFrameworksBuildPhase section */
		5E5AB76F283F72FE00601793 /* Frameworks */ = {
			isa = PBXFrameworksBuildPhase;
			buildActionMask = 2147483647;
			files = (
				34823B3892107FD4AE53FE0D /* Pods_NBC_Task1.framework in Frameworks */,
			);
			runOnlyForDeploymentPostprocessing = 0;
		};
		5E5AB785283F730200601793 /* Frameworks */ = {
			isa = PBXFrameworksBuildPhase;
			buildActionMask = 2147483647;
			files = (
				EC10632076CCC5E9BD13948A /* Pods_NBC_Task1Tests.framework in Frameworks */,
			);
			runOnlyForDeploymentPostprocessing = 0;
		};
		5E5AB78F283F730200601793 /* Frameworks */ = {
			isa = PBXFrameworksBuildPhase;
			buildActionMask = 2147483647;
			files = (
				8A0510C320F83EC425860DCC /* Pods_NBC_Task1_NBC_Task1UITests.framework in Frameworks */,
			);
			runOnlyForDeploymentPostprocessing = 0;
		};
/* End PBXFrameworksBuildPhase section */

/* Begin PBXGroup section */
		5E16CBAD284485C40006A3A4 /* Utilities */ = {
			isa = PBXGroup;
			children = (
				5E16CBAE284485EA0006A3A4 /* ArrayUtility.swift */,
			);
			path = Utilities;
			sourceTree = "<group>";
		};
		5E5AB769283F72FE00601793 = {
			isa = PBXGroup;
			children = (
				5E5AB774283F72FE00601793 /* NBC Task1 */,
				5E5AB78B283F730200601793 /* NBC Task1Tests */,
				5E5AB795283F730200601793 /* NBC Task1UITests */,
				5E5AB773283F72FE00601793 /* Products */,
				F82704A9F3E8A3CF5189C9E6 /* Pods */,
				C500EC5C71197C5FC5915654 /* Frameworks */,
			);
			sourceTree = "<group>";
		};
		5E5AB773283F72FE00601793 /* Products */ = {
			isa = PBXGroup;
			children = (
				5E5AB772283F72FE00601793 /* NBC Task1.app */,
				5E5AB788283F730200601793 /* NBC Task1Tests.xctest */,
				5E5AB792283F730200601793 /* NBC Task1UITests.xctest */,
			);
			name = Products;
			sourceTree = "<group>";
		};
		5E5AB774283F72FE00601793 /* NBC Task1 */ = {
			isa = PBXGroup;
			children = (
				5E95D89C284A127C004941B0 /* Wartop */,
				5E16CBAD284485C40006A3A4 /* Utilities */,
				5E72E7E0283FFD1A00C12BA9 /* Model */,
				5E72E7DE283FFC9000C12BA9 /* Services */,
				5E5AB7C5283FEC3700601793 /* Delegate */,
				5E5AB7A5283F7BEF00601793 /* ArticleCard */,
				5E5AB77B283F72FF00601793 /* Main.storyboard */,
				5E5AB77E283F730100601793 /* Assets.xcassets */,
				5E5AB780283F730100601793 /* LaunchScreen.storyboard */,
				5E5AB783283F730100601793 /* Info.plist */,
				5E5AB779283F72FF00601793 /* ViewController.swift */,
				5E5AB7AA283FA7C800601793 /* ArticleViewModel.swift */,
			);
			path = "NBC Task1";
			sourceTree = "<group>";
		};
		5E5AB78B283F730200601793 /* NBC Task1Tests */ = {
			isa = PBXGroup;
			children = (
				5E5AB78C283F730200601793 /* NBC_Task1Tests.swift */,
			);
			path = "NBC Task1Tests";
			sourceTree = "<group>";
		};
		5E5AB795283F730200601793 /* NBC Task1UITests */ = {
			isa = PBXGroup;
			children = (
				5E5AB796283F730200601793 /* NBC_Task1UITests.swift */,
				5E5AB798283F730200601793 /* NBC_Task1UITestsLaunchTests.swift */,
			);
			path = "NBC Task1UITests";
			sourceTree = "<group>";
		};
		5E5AB7A5283F7BEF00601793 /* ArticleCard */ = {
			isa = PBXGroup;
			children = (
				5E6322AB2840D36A00FAEEC8 /* S */,
				5E5AB7AC283FAF0400601793 /* XL */,
				5E5AB7AD283FAF1C00601793 /* L */,
				5E5AB7AE283FAF2300601793 /* M */,
			);
			path = ArticleCard;
			sourceTree = "<group>";
		};
		5E5AB7AC283FAF0400601793 /* XL */ = {
			isa = PBXGroup;
			children = (
				5E5AB7B0283FAF8A00601793 /* Cell */,
			);
			path = XL;
			sourceTree = "<group>";
		};
		5E5AB7AD283FAF1C00601793 /* L */ = {
			isa = PBXGroup;
			children = (
				5E5AB7BA283FBD0300601793 /* Cell */,
			);
			path = L;
			sourceTree = "<group>";
		};
		5E5AB7AE283FAF2300601793 /* M */ = {
			isa = PBXGroup;
			children = (
				5E5AB7C4283FEC1F00601793 /* Cell */,
			);
			path = M;
			sourceTree = "<group>";
		};
		5E5AB7B0283FAF8A00601793 /* Cell */ = {
			isa = PBXGroup;
			children = (
				5EACE44828473019007007ED /* ArticleCardXLCell.xib */,
				5E5AB7B3283FB1E700601793 /* ArticleCardXLCell.swift */,
			);
			path = Cell;
			sourceTree = "<group>";
		};
		5E5AB7BA283FBD0300601793 /* Cell */ = {
			isa = PBXGroup;
			children = (
				5E5AB7BB283FBED100601793 /* ArticleCardLCell.xib */,
				5E6322B12840DDD900FAEEC8 /* ArticleCardLCell.swift */,
			);
			path = Cell;
			sourceTree = "<group>";
		};
		5E5AB7C4283FEC1F00601793 /* Cell */ = {
			isa = PBXGroup;
			children = (
				5E5AB7C6283FECCF00601793 /* ArticleCardMCell.xib */,
				5E5AB7C8283FED1400601793 /* ArticleCardMCell.swift */,
			);
			path = Cell;
			sourceTree = "<group>";
		};
		5E5AB7C5283FEC3700601793 /* Delegate */ = {
			isa = PBXGroup;
			children = (
				5E5AB775283F72FE00601793 /* AppDelegate.swift */,
				5E5AB777283F72FF00601793 /* SceneDelegate.swift */,
			);
			path = Delegate;
			sourceTree = "<group>";
		};
		5E6322AB2840D36A00FAEEC8 /* S */ = {
			isa = PBXGroup;
			children = (
				5E6322AC2840D3D600FAEEC8 /* Cell */,
			);
			path = S;
			sourceTree = "<group>";
		};
		5E6322AC2840D3D600FAEEC8 /* Cell */ = {
			isa = PBXGroup;
			children = (
				5E6322AD2840D41500FAEEC8 /* ArticleCardSCell.swift */,
				5E6322AE2840D41500FAEEC8 /* ArticleCardSCell.xib */,
			);
			path = Cell;
			sourceTree = "<group>";
		};
		5E72E7DE283FFC9000C12BA9 /* Services */ = {
			isa = PBXGroup;
			children = (
				5E5AB7A6283F7D6400601793 /* ApiService.swift */,
			);
			path = Services;
			sourceTree = "<group>";
		};
		5E72E7DF283FFCE700C12BA9 /* Context */ = {
			isa = PBXGroup;
			children = (
				5E5AB7A8283F7E1500601793 /* Context.swift */,
			);
			path = Context;
			sourceTree = "<group>";
		};
		5E72E7E0283FFD1A00C12BA9 /* Model */ = {
			isa = PBXGroup;
			children = (
				5E72E7DF283FFCE700C12BA9 /* Context */,
			);
			path = Model;
			sourceTree = "<group>";
		};
		5E95D89C284A127C004941B0 /* Wartop */ = {
			isa = PBXGroup;
			children = (
				5E95D89D284A128C004941B0 /* iPad */,
			);
			path = Wartop;
			sourceTree = "<group>";
		};
		5E95D89D284A128C004941B0 /* iPad */ = {
			isa = PBXGroup;
			children = (
				5E95D89E284A171F004941B0 /* WartopViewControlleriPad.storyboard */,
				5E95D8A0284A271B004941B0 /* WartopViewControlleriPad.swift */,
			);
			path = iPad;
			sourceTree = "<group>";
		};
		C500EC5C71197C5FC5915654 /* Frameworks */ = {
			isa = PBXGroup;
			children = (
				D42EE68A76C981D04FF39804 /* Pods_NBC_Task1.framework */,
				AF045DB441D1E21FF7B7D4C0 /* Pods_NBC_Task1_NBC_Task1UITests.framework */,
				5A43F8DE4A1425D10AE7A6A1 /* Pods_NBC_Task1Tests.framework */,
			);
			name = Frameworks;
			sourceTree = "<group>";
		};
		F82704A9F3E8A3CF5189C9E6 /* Pods */ = {
			isa = PBXGroup;
			children = (
				96BBC055C4F88765B1513295 /* Pods-NBC Task1.debug.xcconfig */,
				E1DBF67226B1EB65088D4474 /* Pods-NBC Task1.release.xcconfig */,
				1F7745D2657057DB56BE5FB5 /* Pods-NBC Task1-NBC Task1UITests.debug.xcconfig */,
				3FC487475E138E2EF1C03608 /* Pods-NBC Task1-NBC Task1UITests.release.xcconfig */,
				9279125BAB09ABA4D92390DA /* Pods-NBC Task1Tests.debug.xcconfig */,
				25154B9A24F9D1498AEC8F19 /* Pods-NBC Task1Tests.release.xcconfig */,
			);
			path = Pods;
			sourceTree = "<group>";
		};
/* End PBXGroup section */

/* Begin PBXNativeTarget section */
		5E5AB771283F72FE00601793 /* NBC Task1 */ = {
			isa = PBXNativeTarget;
			buildConfigurationList = 5E5AB79C283F730200601793 /* Build configuration list for PBXNativeTarget "NBC Task1" */;
			buildPhases = (
				C3D4E68D70FB67FE410BA8BD /* [CP] Check Pods Manifest.lock */,
				5E5AB76E283F72FE00601793 /* Sources */,
				5E5AB76F283F72FE00601793 /* Frameworks */,
				5E5AB770283F72FE00601793 /* Resources */,
				38EA774E141A72FD5AEC891D /* [CP] Embed Pods Frameworks */,
			);
			buildRules = (
			);
			dependencies = (
			);
			name = "NBC Task1";
			productName = "NBC Task1";
			productReference = 5E5AB772283F72FE00601793 /* NBC Task1.app */;
			productType = "com.apple.product-type.application";
		};
		5E5AB787283F730200601793 /* NBC Task1Tests */ = {
			isa = PBXNativeTarget;
			buildConfigurationList = 5E5AB79F283F730200601793 /* Build configuration list for PBXNativeTarget "NBC Task1Tests" */;
			buildPhases = (
				4B496D697DF30F6C2D1C6221 /* [CP] Check Pods Manifest.lock */,
				5E5AB784283F730200601793 /* Sources */,
				5E5AB785283F730200601793 /* Frameworks */,
				5E5AB786283F730200601793 /* Resources */,
			);
			buildRules = (
			);
			dependencies = (
				5E5AB78A283F730200601793 /* PBXTargetDependency */,
			);
			name = "NBC Task1Tests";
			productName = "NBC Task1Tests";
			productReference = 5E5AB788283F730200601793 /* NBC Task1Tests.xctest */;
			productType = "com.apple.product-type.bundle.unit-test";
		};
		5E5AB791283F730200601793 /* NBC Task1UITests */ = {
			isa = PBXNativeTarget;
			buildConfigurationList = 5E5AB7A2283F730200601793 /* Build configuration list for PBXNativeTarget "NBC Task1UITests" */;
			buildPhases = (
				147B76A6E39EC7BA7A185BA7 /* [CP] Check Pods Manifest.lock */,
				5E5AB78E283F730200601793 /* Sources */,
				5E5AB78F283F730200601793 /* Frameworks */,
				5E5AB790283F730200601793 /* Resources */,
				B62C6980A1D6BD47CFA9A143 /* [CP] Embed Pods Frameworks */,
			);
			buildRules = (
			);
			dependencies = (
				5E5AB794283F730200601793 /* PBXTargetDependency */,
			);
			name = "NBC Task1UITests";
			productName = "NBC Task1UITests";
			productReference = 5E5AB792283F730200601793 /* NBC Task1UITests.xctest */;
			productType = "com.apple.product-type.bundle.ui-testing";
		};
/* End PBXNativeTarget section */

/* Begin PBXProject section */
		5E5AB76A283F72FE00601793 /* Project object */ = {
			isa = PBXProject;
			attributes = {
				BuildIndependentTargetsInParallel = 1;
				LastSwiftUpdateCheck = 1330;
				LastUpgradeCheck = 1330;
				TargetAttributes = {
					5E5AB771283F72FE00601793 = {
						CreatedOnToolsVersion = 13.3.1;
					};
					5E5AB787283F730200601793 = {
						CreatedOnToolsVersion = 13.3.1;
						TestTargetID = 5E5AB771283F72FE00601793;
					};
					5E5AB791283F730200601793 = {
						CreatedOnToolsVersion = 13.3.1;
						TestTargetID = 5E5AB771283F72FE00601793;
					};
				};
			};
			buildConfigurationList = 5E5AB76D283F72FE00601793 /* Build configuration list for PBXProject "NBC Task1" */;
			compatibilityVersion = "Xcode 13.0";
			developmentRegion = en;
			hasScannedForEncodings = 0;
			knownRegions = (
				en,
				Base,
			);
			mainGroup = 5E5AB769283F72FE00601793;
			productRefGroup = 5E5AB773283F72FE00601793 /* Products */;
			projectDirPath = "";
			projectRoot = "";
			targets = (
				5E5AB771283F72FE00601793 /* NBC Task1 */,
				5E5AB787283F730200601793 /* NBC Task1Tests */,
				5E5AB791283F730200601793 /* NBC Task1UITests */,
			);
		};
/* End PBXProject section */

/* Begin PBXResourcesBuildPhase section */
		5E5AB770283F72FE00601793 /* Resources */ = {
			isa = PBXResourcesBuildPhase;
			buildActionMask = 2147483647;
			files = (
				5E5AB7C7283FECCF00601793 /* ArticleCardMCell.xib in Resources */,
				5E5AB782283F730100601793 /* LaunchScreen.storyboard in Resources */,
				5EACE44928473019007007ED /* ArticleCardXLCell.xib in Resources */,
				5E5AB77F283F730100601793 /* Assets.xcassets in Resources */,
				5E95D89F284A171F004941B0 /* WartopViewControlleriPad.storyboard in Resources */,
				5E5AB77D283F72FF00601793 /* Main.storyboard in Resources */,
				5E6322B02840D41500FAEEC8 /* ArticleCardSCell.xib in Resources */,
				5E5AB7BC283FBED100601793 /* ArticleCardLCell.xib in Resources */,
			);
			runOnlyForDeploymentPostprocessing = 0;
		};
		5E5AB786283F730200601793 /* Resources */ = {
			isa = PBXResourcesBuildPhase;
			buildActionMask = 2147483647;
			files = (
			);
			runOnlyForDeploymentPostprocessing = 0;
		};
		5E5AB790283F730200601793 /* Resources */ = {
			isa = PBXResourcesBuildPhase;
			buildActionMask = 2147483647;
			files = (
			);
			runOnlyForDeploymentPostprocessing = 0;
		};
/* End PBXResourcesBuildPhase section */

/* Begin PBXShellScriptBuildPhase section */
		147B76A6E39EC7BA7A185BA7 /* [CP] Check Pods Manifest.lock */ = {
			isa = PBXShellScriptBuildPhase;
			buildActionMask = 2147483647;
			files = (
			);
			inputFileListPaths = (
			);
			inputPaths = (
				"${PODS_PODFILE_DIR_PATH}/Podfile.lock",
				"${PODS_ROOT}/Manifest.lock",
			);
			name = "[CP] Check Pods Manifest.lock";
			outputFileListPaths = (
			);
			outputPaths = (
				"$(DERIVED_FILE_DIR)/Pods-NBC Task1-NBC Task1UITests-checkManifestLockResult.txt",
			);
			runOnlyForDeploymentPostprocessing = 0;
			shellPath = /bin/sh;
			shellScript = "diff \"${PODS_PODFILE_DIR_PATH}/Podfile.lock\" \"${PODS_ROOT}/Manifest.lock\" > /dev/null\nif [ $? != 0 ] ; then\n    # print error to STDERR\n    echo \"error: The sandbox is not in sync with the Podfile.lock. Run 'pod install' or update your CocoaPods installation.\" >&2\n    exit 1\nfi\n# This output is used by Xcode 'outputs' to avoid re-running this script phase.\necho \"SUCCESS\" > \"${SCRIPT_OUTPUT_FILE_0}\"\n";
			showEnvVarsInLog = 0;
		};
		38EA774E141A72FD5AEC891D /* [CP] Embed Pods Frameworks */ = {
			isa = PBXShellScriptBuildPhase;
			buildActionMask = 2147483647;
			files = (
			);
			inputFileListPaths = (
				"${PODS_ROOT}/Target Support Files/Pods-NBC Task1/Pods-NBC Task1-frameworks-${CONFIGURATION}-input-files.xcfilelist",
			);
			name = "[CP] Embed Pods Frameworks";
			outputFileListPaths = (
				"${PODS_ROOT}/Target Support Files/Pods-NBC Task1/Pods-NBC Task1-frameworks-${CONFIGURATION}-output-files.xcfilelist",
			);
			runOnlyForDeploymentPostprocessing = 0;
			shellPath = /bin/sh;
			shellScript = "\"${PODS_ROOT}/Target Support Files/Pods-NBC Task1/Pods-NBC Task1-frameworks.sh\"\n";
			showEnvVarsInLog = 0;
		};
		4B496D697DF30F6C2D1C6221 /* [CP] Check Pods Manifest.lock */ = {
			isa = PBXShellScriptBuildPhase;
			buildActionMask = 2147483647;
			files = (
			);
			inputFileListPaths = (
			);
			inputPaths = (
				"${PODS_PODFILE_DIR_PATH}/Podfile.lock",
				"${PODS_ROOT}/Manifest.lock",
			);
			name = "[CP] Check Pods Manifest.lock";
			outputFileListPaths = (
			);
			outputPaths = (
				"$(DERIVED_FILE_DIR)/Pods-NBC Task1Tests-checkManifestLockResult.txt",
			);
			runOnlyForDeploymentPostprocessing = 0;
			shellPath = /bin/sh;
			shellScript = "diff \"${PODS_PODFILE_DIR_PATH}/Podfile.lock\" \"${PODS_ROOT}/Manifest.lock\" > /dev/null\nif [ $? != 0 ] ; then\n    # print error to STDERR\n    echo \"error: The sandbox is not in sync with the Podfile.lock. Run 'pod install' or update your CocoaPods installation.\" >&2\n    exit 1\nfi\n# This output is used by Xcode 'outputs' to avoid re-running this script phase.\necho \"SUCCESS\" > \"${SCRIPT_OUTPUT_FILE_0}\"\n";
			showEnvVarsInLog = 0;
		};
		B62C6980A1D6BD47CFA9A143 /* [CP] Embed Pods Frameworks */ = {
			isa = PBXShellScriptBuildPhase;
			buildActionMask = 2147483647;
			files = (
			);
			inputFileListPaths = (
				"${PODS_ROOT}/Target Support Files/Pods-NBC Task1-NBC Task1UITests/Pods-NBC Task1-NBC Task1UITests-frameworks-${CONFIGURATION}-input-files.xcfilelist",
			);
			name = "[CP] Embed Pods Frameworks";
			outputFileListPaths = (
				"${PODS_ROOT}/Target Support Files/Pods-NBC Task1-NBC Task1UITests/Pods-NBC Task1-NBC Task1UITests-frameworks-${CONFIGURATION}-output-files.xcfilelist",
			);
			runOnlyForDeploymentPostprocessing = 0;
			shellPath = /bin/sh;
			shellScript = "\"${PODS_ROOT}/Target Support Files/Pods-NBC Task1-NBC Task1UITests/Pods-NBC Task1-NBC Task1UITests-frameworks.sh\"\n";
			showEnvVarsInLog = 0;
		};
		C3D4E68D70FB67FE410BA8BD /* [CP] Check Pods Manifest.lock */ = {
			isa = PBXShellScriptBuildPhase;
			buildActionMask = 2147483647;
			files = (
			);
			inputFileListPaths = (
			);
			inputPaths = (
				"${PODS_PODFILE_DIR_PATH}/Podfile.lock",
				"${PODS_ROOT}/Manifest.lock",
			);
			name = "[CP] Check Pods Manifest.lock";
			outputFileListPaths = (
			);
			outputPaths = (
				"$(DERIVED_FILE_DIR)/Pods-NBC Task1-checkManifestLockResult.txt",
			);
			runOnlyForDeploymentPostprocessing = 0;
			shellPath = /bin/sh;
			shellScript = "diff \"${PODS_PODFILE_DIR_PATH}/Podfile.lock\" \"${PODS_ROOT}/Manifest.lock\" > /dev/null\nif [ $? != 0 ] ; then\n    # print error to STDERR\n    echo \"error: The sandbox is not in sync with the Podfile.lock. Run 'pod install' or update your CocoaPods installation.\" >&2\n    exit 1\nfi\n# This output is used by Xcode 'outputs' to avoid re-running this script phase.\necho \"SUCCESS\" > \"${SCRIPT_OUTPUT_FILE_0}\"\n";
			showEnvVarsInLog = 0;
		};
/* End PBXShellScriptBuildPhase section */

/* Begin PBXSourcesBuildPhase section */
		5E5AB76E283F72FE00601793 /* Sources */ = {
			isa = PBXSourcesBuildPhase;
			buildActionMask = 2147483647;
			files = (
				5E5AB77A283F72FF00601793 /* ViewController.swift in Sources */,
				5E5AB776283F72FE00601793 /* AppDelegate.swift in Sources */,
				5E16CBAF284485EA0006A3A4 /* ArrayUtility.swift in Sources */,
				5E5AB7A7283F7D6400601793 /* ApiService.swift in Sources */,
				5E6322AF2840D41500FAEEC8 /* ArticleCardSCell.swift in Sources */,
				5E5AB7A9283F7E1500601793 /* Context.swift in Sources */,
				5E5AB7AB283FA7C900601793 /* ArticleViewModel.swift in Sources */,
				5E95D8A1284A271B004941B0 /* WartopViewControlleriPad.swift in Sources */,
				5E5AB7C9283FED1400601793 /* ArticleCardMCell.swift in Sources */,
				5E5AB7B4283FB1E700601793 /* ArticleCardXLCell.swift in Sources */,
				5E5AB778283F72FF00601793 /* SceneDelegate.swift in Sources */,
				5E6322B22840DDD900FAEEC8 /* ArticleCardLCell.swift in Sources */,
			);
			runOnlyForDeploymentPostprocessing = 0;
		};
		5E5AB784283F730200601793 /* Sources */ = {
			isa = PBXSourcesBuildPhase;
			buildActionMask = 2147483647;
			files = (
				5E5AB78D283F730200601793 /* NBC_Task1Tests.swift in Sources */,
			);
			runOnlyForDeploymentPostprocessing = 0;
		};
		5E5AB78E283F730200601793 /* Sources */ = {
			isa = PBXSourcesBuildPhase;
			buildActionMask = 2147483647;
			files = (
				5E5AB797283F730200601793 /* NBC_Task1UITests.swift in Sources */,
				5E5AB799283F730200601793 /* NBC_Task1UITestsLaunchTests.swift in Sources */,
			);
			runOnlyForDeploymentPostprocessing = 0;
		};
/* End PBXSourcesBuildPhase section */

/* Begin PBXTargetDependency section */
		5E5AB78A283F730200601793 /* PBXTargetDependency */ = {
			isa = PBXTargetDependency;
			target = 5E5AB771283F72FE00601793 /* NBC Task1 */;
			targetProxy = 5E5AB789283F730200601793 /* PBXContainerItemProxy */;
		};
		5E5AB794283F730200601793 /* PBXTargetDependency */ = {
			isa = PBXTargetDependency;
			target = 5E5AB771283F72FE00601793 /* NBC Task1 */;
			targetProxy = 5E5AB793283F730200601793 /* PBXContainerItemProxy */;
		};
/* End PBXTargetDependency section */

/* Begin PBXVariantGroup section */
		5E5AB77B283F72FF00601793 /* Main.storyboard */ = {
			isa = PBXVariantGroup;
			children = (
				5E5AB77C283F72FF00601793 /* Base */,
			);
			name = Main.storyboard;
			sourceTree = "<group>";
		};
		5E5AB780283F730100601793 /* LaunchScreen.storyboard */ = {
			isa = PBXVariantGroup;
			children = (
				5E5AB781283F730100601793 /* Base */,
			);
			name = LaunchScreen.storyboard;
			sourceTree = "<group>";
		};
/* End PBXVariantGroup section */

/* Begin XCBuildConfiguration section */
		5E5AB79A283F730200601793 /* Debug */ = {
			isa = XCBuildConfiguration;
			buildSettings = {
				ALWAYS_SEARCH_USER_PATHS = NO;
				CLANG_ANALYZER_NONNULL = YES;
				CLANG_ANALYZER_NUMBER_OBJECT_CONVERSION = YES_AGGRESSIVE;
				CLANG_CXX_LANGUAGE_STANDARD = "gnu++17";
				CLANG_ENABLE_MODULES = YES;
				CLANG_ENABLE_OBJC_ARC = YES;
				CLANG_ENABLE_OBJC_WEAK = YES;
				CLANG_WARN_BLOCK_CAPTURE_AUTORELEASING = YES;
				CLANG_WARN_BOOL_CONVERSION = YES;
				CLANG_WARN_COMMA = YES;
				CLANG_WARN_CONSTANT_CONVERSION = YES;
				CLANG_WARN_DEPRECATED_OBJC_IMPLEMENTATIONS = YES;
				CLANG_WARN_DIRECT_OBJC_ISA_USAGE = YES_ERROR;
				CLANG_WARN_DOCUMENTATION_COMMENTS = YES;
				CLANG_WARN_EMPTY_BODY = YES;
				CLANG_WARN_ENUM_CONVERSION = YES;
				CLANG_WARN_INFINITE_RECURSION = YES;
				CLANG_WARN_INT_CONVERSION = YES;
				CLANG_WARN_NON_LITERAL_NULL_CONVERSION = YES;
				CLANG_WARN_OBJC_IMPLICIT_RETAIN_SELF = YES;
				CLANG_WARN_OBJC_LITERAL_CONVERSION = YES;
				CLANG_WARN_OBJC_ROOT_CLASS = YES_ERROR;
				CLANG_WARN_QUOTED_INCLUDE_IN_FRAMEWORK_HEADER = YES;
				CLANG_WARN_RANGE_LOOP_ANALYSIS = YES;
				CLANG_WARN_STRICT_PROTOTYPES = YES;
				CLANG_WARN_SUSPICIOUS_MOVE = YES;
				CLANG_WARN_UNGUARDED_AVAILABILITY = YES_AGGRESSIVE;
				CLANG_WARN_UNREACHABLE_CODE = YES;
				CLANG_WARN__DUPLICATE_METHOD_MATCH = YES;
				COPY_PHASE_STRIP = NO;
				DEBUG_INFORMATION_FORMAT = dwarf;
				ENABLE_STRICT_OBJC_MSGSEND = YES;
				ENABLE_TESTABILITY = YES;
				GCC_C_LANGUAGE_STANDARD = gnu11;
				GCC_DYNAMIC_NO_PIC = NO;
				GCC_NO_COMMON_BLOCKS = YES;
				GCC_OPTIMIZATION_LEVEL = 0;
				GCC_PREPROCESSOR_DEFINITIONS = (
					"DEBUG=1",
					"$(inherited)",
				);
				GCC_WARN_64_TO_32_BIT_CONVERSION = YES;
				GCC_WARN_ABOUT_RETURN_TYPE = YES_ERROR;
				GCC_WARN_UNDECLARED_SELECTOR = YES;
				GCC_WARN_UNINITIALIZED_AUTOS = YES_AGGRESSIVE;
				GCC_WARN_UNUSED_FUNCTION = YES;
				GCC_WARN_UNUSED_VARIABLE = YES;
				IPHONEOS_DEPLOYMENT_TARGET = 15.4;
				MTL_ENABLE_DEBUG_INFO = INCLUDE_SOURCE;
				MTL_FAST_MATH = YES;
				ONLY_ACTIVE_ARCH = YES;
				SDKROOT = iphoneos;
				SWIFT_ACTIVE_COMPILATION_CONDITIONS = DEBUG;
				SWIFT_OPTIMIZATION_LEVEL = "-Onone";
			};
			name = Debug;
		};
		5E5AB79B283F730200601793 /* Release */ = {
			isa = XCBuildConfiguration;
			buildSettings = {
				ALWAYS_SEARCH_USER_PATHS = NO;
				CLANG_ANALYZER_NONNULL = YES;
				CLANG_ANALYZER_NUMBER_OBJECT_CONVERSION = YES_AGGRESSIVE;
				CLANG_CXX_LANGUAGE_STANDARD = "gnu++17";
				CLANG_ENABLE_MODULES = YES;
				CLANG_ENABLE_OBJC_ARC = YES;
				CLANG_ENABLE_OBJC_WEAK = YES;
				CLANG_WARN_BLOCK_CAPTURE_AUTORELEASING = YES;
				CLANG_WARN_BOOL_CONVERSION = YES;
				CLANG_WARN_COMMA = YES;
				CLANG_WARN_CONSTANT_CONVERSION = YES;
				CLANG_WARN_DEPRECATED_OBJC_IMPLEMENTATIONS = YES;
				CLANG_WARN_DIRECT_OBJC_ISA_USAGE = YES_ERROR;
				CLANG_WARN_DOCUMENTATION_COMMENTS = YES;
				CLANG_WARN_EMPTY_BODY = YES;
				CLANG_WARN_ENUM_CONVERSION = YES;
				CLANG_WARN_INFINITE_RECURSION = YES;
				CLANG_WARN_INT_CONVERSION = YES;
				CLANG_WARN_NON_LITERAL_NULL_CONVERSION = YES;
				CLANG_WARN_OBJC_IMPLICIT_RETAIN_SELF = YES;
				CLANG_WARN_OBJC_LITERAL_CONVERSION = YES;
				CLANG_WARN_OBJC_ROOT_CLASS = YES_ERROR;
				CLANG_WARN_QUOTED_INCLUDE_IN_FRAMEWORK_HEADER = YES;
				CLANG_WARN_RANGE_LOOP_ANALYSIS = YES;
				CLANG_WARN_STRICT_PROTOTYPES = YES;
				CLANG_WARN_SUSPICIOUS_MOVE = YES;
				CLANG_WARN_UNGUARDED_AVAILABILITY = YES_AGGRESSIVE;
				CLANG_WARN_UNREACHABLE_CODE = YES;
				CLANG_WARN__DUPLICATE_METHOD_MATCH = YES;
				COPY_PHASE_STRIP = NO;
				DEBUG_INFORMATION_FORMAT = "dwarf-with-dsym";
				ENABLE_NS_ASSERTIONS = NO;
				ENABLE_STRICT_OBJC_MSGSEND = YES;
				GCC_C_LANGUAGE_STANDARD = gnu11;
				GCC_NO_COMMON_BLOCKS = YES;
				GCC_WARN_64_TO_32_BIT_CONVERSION = YES;
				GCC_WARN_ABOUT_RETURN_TYPE = YES_ERROR;
				GCC_WARN_UNDECLARED_SELECTOR = YES;
				GCC_WARN_UNINITIALIZED_AUTOS = YES_AGGRESSIVE;
				GCC_WARN_UNUSED_FUNCTION = YES;
				GCC_WARN_UNUSED_VARIABLE = YES;
				IPHONEOS_DEPLOYMENT_TARGET = 15.4;
				MTL_ENABLE_DEBUG_INFO = NO;
				MTL_FAST_MATH = YES;
				SDKROOT = iphoneos;
				SWIFT_COMPILATION_MODE = wholemodule;
				SWIFT_OPTIMIZATION_LEVEL = "-O";
				VALIDATE_PRODUCT = YES;
			};
			name = Release;
		};
		5E5AB79D283F730200601793 /* Debug */ = {
			isa = XCBuildConfiguration;
			baseConfigurationReference = 96BBC055C4F88765B1513295 /* Pods-NBC Task1.debug.xcconfig */;
			buildSettings = {
				ASSETCATALOG_COMPILER_APPICON_NAME = AppIcon;
				ASSETCATALOG_COMPILER_GLOBAL_ACCENT_COLOR_NAME = AccentColor;
				CODE_SIGN_STYLE = Automatic;
				CURRENT_PROJECT_VERSION = 1;
				GENERATE_INFOPLIST_FILE = YES;
				INFOPLIST_FILE = "NBC Task1/Info.plist";
				INFOPLIST_KEY_UIApplicationSupportsIndirectInputEvents = YES;
				INFOPLIST_KEY_UILaunchStoryboardName = LaunchScreen;
				INFOPLIST_KEY_UIMainStoryboardFile = Main;
				INFOPLIST_KEY_UISupportedInterfaceOrientations_iPad = "UIInterfaceOrientationPortrait UIInterfaceOrientationPortraitUpsideDown UIInterfaceOrientationLandscapeLeft UIInterfaceOrientationLandscapeRight";
				INFOPLIST_KEY_UISupportedInterfaceOrientations_iPhone = "UIInterfaceOrientationPortrait UIInterfaceOrientationLandscapeLeft UIInterfaceOrientationLandscapeRight";
				LD_RUNPATH_SEARCH_PATHS = (
					"$(inherited)",
					"@executable_path/Frameworks",
				);
				MARKETING_VERSION = 1.0;
				PRODUCT_BUNDLE_IDENTIFIER = "com.tringapps.NBC-Task1";
				PRODUCT_NAME = "$(TARGET_NAME)";
				SWIFT_EMIT_LOC_STRINGS = YES;
				SWIFT_VERSION = 5.0;
				TARGETED_DEVICE_FAMILY = "1,2";
			};
			name = Debug;
		};
		5E5AB79E283F730200601793 /* Release */ = {
			isa = XCBuildConfiguration;
			baseConfigurationReference = E1DBF67226B1EB65088D4474 /* Pods-NBC Task1.release.xcconfig */;
			buildSettings = {
				ASSETCATALOG_COMPILER_APPICON_NAME = AppIcon;
				ASSETCATALOG_COMPILER_GLOBAL_ACCENT_COLOR_NAME = AccentColor;
				CODE_SIGN_STYLE = Automatic;
				CURRENT_PROJECT_VERSION = 1;
				GENERATE_INFOPLIST_FILE = YES;
				INFOPLIST_FILE = "NBC Task1/Info.plist";
				INFOPLIST_KEY_UIApplicationSupportsIndirectInputEvents = YES;
				INFOPLIST_KEY_UILaunchStoryboardName = LaunchScreen;
				INFOPLIST_KEY_UIMainStoryboardFile = Main;
				INFOPLIST_KEY_UISupportedInterfaceOrientations_iPad = "UIInterfaceOrientationPortrait UIInterfaceOrientationPortraitUpsideDown UIInterfaceOrientationLandscapeLeft UIInterfaceOrientationLandscapeRight";
				INFOPLIST_KEY_UISupportedInterfaceOrientations_iPhone = "UIInterfaceOrientationPortrait UIInterfaceOrientationLandscapeLeft UIInterfaceOrientationLandscapeRight";
				LD_RUNPATH_SEARCH_PATHS = (
					"$(inherited)",
					"@executable_path/Frameworks",
				);
				MARKETING_VERSION = 1.0;
				PRODUCT_BUNDLE_IDENTIFIER = "com.tringapps.NBC-Task1";
				PRODUCT_NAME = "$(TARGET_NAME)";
				SWIFT_EMIT_LOC_STRINGS = YES;
				SWIFT_VERSION = 5.0;
				TARGETED_DEVICE_FAMILY = "1,2";
			};
			name = Release;
		};
		5E5AB7A0283F730200601793 /* Debug */ = {
			isa = XCBuildConfiguration;
			baseConfigurationReference = 9279125BAB09ABA4D92390DA /* Pods-NBC Task1Tests.debug.xcconfig */;
			buildSettings = {
				ALWAYS_EMBED_SWIFT_STANDARD_LIBRARIES = YES;
				BUNDLE_LOADER = "$(TEST_HOST)";
				CODE_SIGN_STYLE = Automatic;
				CURRENT_PROJECT_VERSION = 1;
				GENERATE_INFOPLIST_FILE = YES;
				IPHONEOS_DEPLOYMENT_TARGET = 15.4;
				MARKETING_VERSION = 1.0;
				PRODUCT_BUNDLE_IDENTIFIER = "com.tringapps.NBC-Task1Tests";
				PRODUCT_NAME = "$(TARGET_NAME)";
				SWIFT_EMIT_LOC_STRINGS = NO;
				SWIFT_VERSION = 5.0;
				TARGETED_DEVICE_FAMILY = "1,2";
				TEST_HOST = "$(BUILT_PRODUCTS_DIR)/NBC Task1.app/NBC Task1";
			};
			name = Debug;
		};
		5E5AB7A1283F730200601793 /* Release */ = {
			isa = XCBuildConfiguration;
			baseConfigurationReference = 25154B9A24F9D1498AEC8F19 /* Pods-NBC Task1Tests.release.xcconfig */;
			buildSettings = {
				ALWAYS_EMBED_SWIFT_STANDARD_LIBRARIES = YES;
				BUNDLE_LOADER = "$(TEST_HOST)";
				CODE_SIGN_STYLE = Automatic;
				CURRENT_PROJECT_VERSION = 1;
				GENERATE_INFOPLIST_FILE = YES;
				IPHONEOS_DEPLOYMENT_TARGET = 15.4;
				MARKETING_VERSION = 1.0;
				PRODUCT_BUNDLE_IDENTIFIER = "com.tringapps.NBC-Task1Tests";
				PRODUCT_NAME = "$(TARGET_NAME)";
				SWIFT_EMIT_LOC_STRINGS = NO;
				SWIFT_VERSION = 5.0;
				TARGETED_DEVICE_FAMILY = "1,2";
				TEST_HOST = "$(BUILT_PRODUCTS_DIR)/NBC Task1.app/NBC Task1";
			};
			name = Release;
		};
		5E5AB7A3283F730200601793 /* Debug */ = {
			isa = XCBuildConfiguration;
			baseConfigurationReference = 1F7745D2657057DB56BE5FB5 /* Pods-NBC Task1-NBC Task1UITests.debug.xcconfig */;
			buildSettings = {
				ALWAYS_EMBED_SWIFT_STANDARD_LIBRARIES = YES;
				CODE_SIGN_STYLE = Automatic;
				CURRENT_PROJECT_VERSION = 1;
				GENERATE_INFOPLIST_FILE = YES;
				MARKETING_VERSION = 1.0;
				PRODUCT_BUNDLE_IDENTIFIER = "com.tringapps.NBC-Task1UITests";
				PRODUCT_NAME = "$(TARGET_NAME)";
				SWIFT_EMIT_LOC_STRINGS = NO;
				SWIFT_VERSION = 5.0;
				TARGETED_DEVICE_FAMILY = "1,2";
				TEST_TARGET_NAME = "NBC Task1";
			};
			name = Debug;
		};
		5E5AB7A4283F730200601793 /* Release */ = {
			isa = XCBuildConfiguration;
			baseConfigurationReference = 3FC487475E138E2EF1C03608 /* Pods-NBC Task1-NBC Task1UITests.release.xcconfig */;
			buildSettings = {
				ALWAYS_EMBED_SWIFT_STANDARD_LIBRARIES = YES;
				CODE_SIGN_STYLE = Automatic;
				CURRENT_PROJECT_VERSION = 1;
				GENERATE_INFOPLIST_FILE = YES;
				MARKETING_VERSION = 1.0;
				PRODUCT_BUNDLE_IDENTIFIER = "com.tringapps.NBC-Task1UITests";
				PRODUCT_NAME = "$(TARGET_NAME)";
				SWIFT_EMIT_LOC_STRINGS = NO;
				SWIFT_VERSION = 5.0;
				TARGETED_DEVICE_FAMILY = "1,2";
				TEST_TARGET_NAME = "NBC Task1";
			};
			name = Release;
		};
/* End XCBuildConfiguration section */

/* Begin XCConfigurationList section */
		5E5AB76D283F72FE00601793 /* Build configuration list for PBXProject "NBC Task1" */ = {
			isa = XCConfigurationList;
			buildConfigurations = (
				5E5AB79A283F730200601793 /* Debug */,
				5E5AB79B283F730200601793 /* Release */,
			);
			defaultConfigurationIsVisible = 0;
			defaultConfigurationName = Release;
		};
		5E5AB79C283F730200601793 /* Build configuration list for PBXNativeTarget "NBC Task1" */ = {
			isa = XCConfigurationList;
			buildConfigurations = (
				5E5AB79D283F730200601793 /* Debug */,
				5E5AB79E283F730200601793 /* Release */,
			);
			defaultConfigurationIsVisible = 0;
			defaultConfigurationName = Release;
		};
		5E5AB79F283F730200601793 /* Build configuration list for PBXNativeTarget "NBC Task1Tests" */ = {
			isa = XCConfigurationList;
			buildConfigurations = (
				5E5AB7A0283F730200601793 /* Debug */,
				5E5AB7A1283F730200601793 /* Release */,
			);
			defaultConfigurationIsVisible = 0;
			defaultConfigurationName = Release;
		};
		5E5AB7A2283F730200601793 /* Build configuration list for PBXNativeTarget "NBC Task1UITests" */ = {
			isa = XCConfigurationList;
			buildConfigurations = (
				5E5AB7A3283F730200601793 /* Debug */,
				5E5AB7A4283F730200601793 /* Release */,
			);
			defaultConfigurationIsVisible = 0;
			defaultConfigurationName = Release;
		};
/* End XCConfigurationList section */
	};
	rootObject = 5E5AB76A283F72FE00601793 /* Project object */;
}
